
Microsoft Visual Studio Solution File, Format Version 12.00
# Visual Studio Version 16
VisualStudioVersion = 16.0.30804.86
MinimumVisualStudioVersion = 10.0.40219.1
Project("{9A19103F-16F7-4668-BE54-9A1E7A4F7556}") = "Day 2", "Day 2\Day 2.csproj", "{DDC65775-49DD-4180-BFEA-F3E20A845898}"
EndProject
Project("{9A19103F-16F7-4668-BE54-9A1E7A4F7556}") = "Day 3", "Day 3\Day 3.csproj", "{6E459BF1-5B2B-4D01-BD64-1FE0A42D0BB9}"
EndProject
Project("{9A19103F-16F7-4668-BE54-9A1E7A4F7556}") = "Day 4", "Day 4\Day 4.csproj", "{1B88078B-A4EA-4D0E-8FF9-E1BBCBA8E5E1}"
EndProject
Project("{9A19103F-16F7-4668-BE54-9A1E7A4F7556}") = "Day 5", "Day 5\Day 5.csproj", "{11B595F6-BAEC-440B-AED3-1F64A3C30C82}"
EndProject
Project("{9A19103F-16F7-4668-BE54-9A1E7A4F7556}") = "Day 6", "Day 6\Day 6.csproj", "{59A0CCA5-274C-42C4-895F-15EABF46A546}"
EndProject
Project("{FAE04EC0-301F-11D3-BF4B-00C04F79EFBC}") = "Day 1", "Day 1\Day 1.csproj", "{D92966C6-0BA7-45ED-95B5-F0C50BD54117}"
EndProject
Global
	GlobalSection(SolutionConfigurationPlatforms) = preSolution
		Debug|Any CPU = Debug|Any CPU
		Release|Any CPU = Release|Any CPU
	EndGlobalSection
	GlobalSection(ProjectConfigurationPlatforms) = postSolution
		{DDC65775-49DD-4180-BFEA-F3E20A845898}.Debug|Any CPU.ActiveCfg = Debug|Any CPU
		{DDC65775-49DD-4180-BFEA-F3E20A845898}.Debug|Any CPU.Build.0 = Debug|Any CPU
		{DDC65775-49DD-4180-BFEA-F3E20A845898}.Release|Any CPU.ActiveCfg = Release|Any CPU
		{DDC65775-49DD-4180-BFEA-F3E20A845898}.Release|Any CPU.Build.0 = Release|Any CPU
		{6E459BF1-5B2B-4D01-BD64-1FE0A42D0BB9}.Debug|Any CPU.ActiveCfg = Debug|Any CPU
		{6E459BF1-5B2B-4D01-BD64-1FE0A42D0BB9}.Debug|Any CPU.Build.0 = Debug|Any CPU
		{6E459BF1-5B2B-4D01-BD64-1FE0A42D0BB9}.Release|Any CPU.ActiveCfg = Release|Any CPU
		{6E459BF1-5B2B-4D01-BD64-1FE0A42D0BB9}.Release|Any CPU.Build.0 = Release|Any CPU
		{1B88078B-A4EA-4D0E-8FF9-E1BBCBA8E5E1}.Debug|Any CPU.ActiveCfg = Debug|Any CPU
		{1B88078B-A4EA-4D0E-8FF9-E1BBCBA8E5E1}.Debug|Any CPU.Build.0 = Debug|Any CPU
		{1B88078B-A4EA-4D0E-8FF9-E1BBCBA8E5E1}.Release|Any CPU.ActiveCfg = Release|Any CPU
		{1B88078B-A4EA-4D0E-8FF9-E1BBCBA8E5E1}.Release|Any CPU.Build.0 = Release|Any CPU
		{11B595F6-BAEC-440B-AED3-1F64A3C30C82}.Debug|Any CPU.ActiveCfg = Debug|Any CPU
		{11B595F6-BAEC-440B-AED3-1F64A3C30C82}.Debug|Any CPU.Build.0 = Debug|Any CPU
		{11B595F6-BAEC-440B-AED3-1F64A3C30C82}.Release|Any CPU.ActiveCfg = Release|Any CPU
		{11B595F6-BAEC-440B-AED3-1F64A3C30C82}.Release|Any CPU.Build.0 = Release|Any CPU
		{59A0CCA5-274C-42C4-895F-15EABF46A546}.Debug|Any CPU.ActiveCfg = Debug|Any CPU
		{59A0CCA5-274C-42C4-895F-15EABF46A546}.Debug|Any CPU.Build.0 = Debug|Any CPU
		{59A0CCA5-274C-42C4-895F-15EABF46A546}.Release|Any CPU.ActiveCfg = Release|Any CPU
		{59A0CCA5-274C-42C4-895F-15EABF46A546}.Release|Any CPU.Build.0 = Release|Any CPU
		{D92966C6-0BA7-45ED-95B5-F0C50BD54117}.Debug|Any CPU.ActiveCfg = Debug|Any CPU
		{D92966C6-0BA7-45ED-95B5-F0C50BD54117}.Debug|Any CPU.Build.0 = Debug|Any CPU
		{D92966C6-0BA7-45ED-95B5-F0C50BD54117}.Release|Any CPU.ActiveCfg = Release|Any CPU
		{D92966C6-0BA7-45ED-95B5-F0C50BD54117}.Release|Any CPU.Build.0 = Release|Any CPU
	EndGlobalSection
	GlobalSection(SolutionProperties) = preSolution
		HideSolutionNode = FALSE
	EndGlobalSection
	GlobalSection(ExtensibilityGlobals) = postSolution
		SolutionGuid = {1782E018-063D-4090-9242-DD91BFAEB8B3}
	EndGlobalSection
EndGlobal
